
Microsoft Visual Studio Solution File, Format Version 12.00
# Visual Studio Version 17
VisualStudioVersion = 17.9.34607.119
MinimumVisualStudioVersion = 10.0.40219.1
Project("{F184B08F-C81C-45F6-A57F-5ABD9991F28F}") = "pbtgui", "pbtgui.vbproj", "{B2295F4D-4FB3-4437-8B66-A6470662FA66}"
EndProject
Global
	GlobalSection(SolutionConfigurationPlatforms) = preSolution
		Debug|Any CPU = Debug|Any CPU
		Release|Any CPU = Release|Any CPU
	EndGlobalSection
	GlobalSection(ProjectConfigurationPlatforms) = postSolution
		{B2295F4D-4FB3-4437-8B66-A6470662FA66}.Debug|Any CPU.ActiveCfg = Debug|Any CPU
		{B2295F4D-4FB3-4437-8B66-A6470662FA66}.Debug|Any CPU.Build.0 = Debug|Any CPU
		{B2295F4D-4FB3-4437-8B66-A6470662FA66}.Release|Any CPU.ActiveCfg = Release|Any CPU
		{B2295F4D-4FB3-4437-8B66-A6470662FA66}.Release|Any CPU.Build.0 = Release|Any CPU
	EndGlobalSection
	GlobalSection(SolutionProperties) = preSolution
		HideSolutionNode = FALSE
	EndGlobalSection
	GlobalSection(ExtensibilityGlobals) = postSolution
		SolutionGuid = {924C86F9-298E-41F7-85B5-42F934B579E2}
	EndGlobalSection
EndGlobal
